version = 1
revision = 3
requires-python = ">=3.14"

[[package]]
name = "30-09-av5"
version = "0.1.0"
source = { editable = "." }
dependencies = [
    { name = "pymysql" },
    { name = "python-dotenv" },
    { name = "sqlalchemy" },
]

[package.metadata]
requires-dist = [
    { name = "pymysql", specifier = ">=1.2.3" },
    { name = "python-dotenv", specifier = ">=1.2.3" },
    { name = "sqlalchemy", specifier = ">=2.1.1" },
]

[[package]]
name = "pymysql"
version = "1.2.3"
source = { registry = "https://pypi.org/simple" }
sdist = { url = "https://files.pythonhosted.org/packages/b1/d4/c15b459e25a23767d2f4065ef40968920320f04e302889574310c21c96a3/pymysql-1.2.3.tar.gz", hash = "sha256:d5b288529782e536ae171866df3ca9dc4f6cbfb3cc2f18e6f837fbb90dbc262b", size = 50629, upload-time = "2026-09-17T12:22:49.146Z" }
wheels = [
    { url = "https://files.pythonhosted.org/packages/a9/4b/0a906d8184f011ff8dbd4722743783867589b33269d2c5fff238d636fdcb/pymysql-1.2.3-py3-none-any.whl", hash = "sha256:14f1c68e2ed859243ae5ca41ffbe677027fc46bc136a9f0be8a4e928e5e7415a", size = 46740, upload-time = "2026-09-17T12:22:47.826Z" },
]

[[package]]
name = "python-dotenv"
version = "1.2.3"
source = { registry = "https://pypi.org/simple" }
sdist = { url = "https://files.pythonhosted.org/packages/6a/53/ed9d74092561d4b01a2ef1349d52cdbc135e526c245f366b089cfca6de49/python_dotenv-1.2.3.tar.gz", hash = "sha256:a20a594dabeaa385725aa239d5244871c143ecb356add8a20fcf23773a6c3a35", size = 58945, upload-time = "2026-08-16T16:54:54.067Z" }
wheels = [
    { url = "https://files.pythonhosted.org/packages/0d/17/c5c6b53ddc18f297992099b3d9ec16c855c0ccc83263a21fe4d1c625ec6c/python_dotenv-1.2.3-py3-none-any.whl", hash = "sha256:904552145e8bfed22162c09dab1c2b9b54fefa7b23ba780f4f26ca0316b0f0d9", size = 22780, upload-time = "2026-08-16T16:54:52.473Z" },
]

[[package]]
name = "sqlalchemy"
version = "2.1.1"
source = { registry = "https://pypi.org/simple" }
dependencies = [
    { name = "typing-extensions" },
]
sdist = { url = "https://files.pythonhosted.org/packages/a8/cb/7c68da82239ffae9378eca076afe14c310e17a4f01e3d315112f266e26c7/sqlalchemy-2.1.1.tar.gz", hash = "sha256:fcf3cbb33bb23bad75d2150157c21804618745731e9931ab27e61879a9f6123b", size = 10503203, upload-time = "2026-09-25T14:59:00.117Z" }
wheels = [
    { url = "https://files.pythonhosted.org/packages/19/6e/3739dc61a0bd20db049f1b220cf380d55cc6c6e6e80a9cab382b3fe2d826/sqlalchemy-2.1.1-cp314-cp314-macosx_11_0_arm64.whl", hash = "sha256:597e1edf9cbe6ce63974813000c02c7a44da3d21f1da47f07174732ba188e8ae", size = 2455544, upload-time = "2026-09-25T15:12:50.464Z" },
    { url = "https://files.pythonhosted.org/packages/51/9b/29879ca69033f466da33486d6fb238ce1f4465e15529959e5bd3a47a8f8d/sqlalchemy-2.1.1-cp314-cp314-manylinux2014_aarch64.manylinux_2_17_aarch64.manylinux_2_28_aarch64.whl", hash = "sha256:e37b1fe2e080bf47f3b693dfbec9aa39d3c3d52bfac3b4fef290a449570bcf3f", size = 4571544, upload-time = "2026-09-25T15:19:00.881Z" },
    { url = "https://files.pythonhosted.org/packages/41/0f/6db5347662a9ed83509a5236e64afc15285947ed4dd71e618912bde83445/sqlalchemy-2.1.1-cp314-cp314-manylinux2014_x86_64.manylinux_2_17_x86_64.manylinux_2_28_x86_64.whl", hash = "sha256:18148691d761ef20a92cfc7dced305834e2c6ab4f4f3648f66f5d4028e234089", size = 4601803, upload-time = "2026-09-25T15:19:55.751Z" },
    { url = "https://files.pythonhosted.org/packages/77/e4/073eecd01e8a1bb5b90638c15f06b86c897518ef96d70118a70ab37bb673/sqlalchemy-2.1.1-cp314-cp314-manylinux_2_31_riscv64.manylinux_2_39_riscv64.whl", hash = "sha256:44dff425e7d88b04497b4317478a6af2a694327a087e6f1670a4266180838269", size = 4295583, upload-time = "2026-09-25T16:17:56.955Z" },
    { url = "https://files.pythonhosted.org/packages/25/71/c4e261d50297457c2496bb39b03f2a2ea0578a298defe4edc5ef514d4423/sqlalchemy-2.1.1-cp314-cp314-musllinux_1_2_aarch64.whl", hash = "sha256:6a261e2244fa88e6eded95a078550c0584da55db22d49b0b2db8c075788282fb", size = 4501686, upload-time = "2026-09-25T15:19:02.804Z" },
    { url = "https://files.pythonhosted.org/packages/7c/85/9ec520ba12027bfdbcaa3e6633e977d1984dca5739ab73bc6c9f16cb4900/sqlalchemy-2.1.1-cp314-cp314-musllinux_1_2_riscv64.whl", hash = "sha256:4789593e8979d7c946da1985a560200b6ef6c3dc6dcc5442985d62c6f2908875", size = 4296847, upload-time = "2026-09-25T16:17:59.584Z" },
    { url = "https://files.pythonhosted.org/packages/dd/65/877c7f19fe976dffbffc579148d842bb99665e520af83d28b287a162f843/sqlalchemy-2.1.1-cp314-cp314-musllinux_1_2_x86_64.whl", hash = "sha256:1477f2f1f531697753a729dd8f3e4e98f7019086f001fdc4d50350c929871c8c", size = 4560888, upload-time = "2026-09-25T15:19:57.887Z" },
    { url = "https://files.pythonhosted.org/packages/0c/f3/feb8b0803a6a2d095f4330cdc598aacef46cfb1ab6e83f4b396c6f5b89cb/sqlalchemy-2.1.1-cp314-cp314-win32.whl", hash = "sha256:1ef7bc38d140b3cf08cc6e8823b8e76da2e188b5594997e2c16586c9778af472", size = 2373288, upload-time = "2026-09-25T15:20:32.159Z" },
    { url = "https://files.pythonhosted.org/packages/be/b6/eef7d11752b5b52ad3fecfe03fabf7324e676bf1db5a22788cbcb3ba69c6/sqlalchemy-2.1.1-cp314-cp314-win_amd64.whl", hash = "sha256:73b0f7cb41a3df79dc0427377a9e2a099eb15995a327120d651f21309faa662a", size = 2423714, upload-time = "2026-09-25T15:20:34.012Z" },
    { url = "https://files.pythonhosted.org/packages/22/a0/6ce78eaac3a3197847a1d184a24633869cc343b0885f9207aa605e916bf5/sqlalchemy-2.1.1-cp314-cp314-win_arm64.whl", hash = "sha256:a0421f9eedad616b04a097ae3f155c5a0a31380364369861fd6e0f46074c3fce", size = 2388489, upload-time = "2026-09-25T15:25:20.78Z" },
    { url = "https://files.pythonhosted.org/packages/b1/56/db8f82c576dbe4f52db82e0e430debca0a6398fd0bf6a45bde11e7feb126/sqlalchemy-2.1.1-cp314-cp314t-macosx_11_0_arm64.whl", hash = "sha256:2f0bb0502de28baed425278d4bd98658d8256419fd9ad6ca964138710f933aa0", size = 2494990, upload-time = "2026-09-25T15:27:27.737Z" },
    { url = "https://files.pythonhosted.org/packages/d8/e0/cbadd9f851fa376c619f97adb4abd4b0c9d727841e988c4283dc45007c1f/sqlalchemy-2.1.1-cp314-cp314t-manylinux2014_aarch64.manylinux_2_17_aarch64.manylinux_2_28_aarch64.whl", hash = "sha256:e20233c7d000c006a03f3734d8e7a6e63aa878fcd3482c1f412c864a0992e5a0", size = 4899710, upload-time = "2026-09-25T15:28:30.224Z" },
    { url = "https://files.pythonhosted.org/packages/e2/5f/8cb1a5c751161cdac50355b2c91617e2a872c237922a54b47ce014f11dd3/sqlalchemy-2.1.1-cp314-cp314t-manylinux2014_x86_64.manylinux_2_17_x86_64.manylinux_2_28_x86_64.whl", hash = "sha256:8b0660ded5f9c090f9bf49fba78d52843ff3ca8c10f71624811f42f11655762d", size = 4810110, upload-time = "2026-09-25T15:49:02.468Z" },
    { url = "https://files.pythonhosted.org/packages/6b/4f/a4329f5a006b6cd2e8836b160d179c522c0cd7edfd494971a6d5a504f33e/sqlalchemy-2.1.1-cp314-cp314t-manylinux_2_31_riscv64.manylinux_2_39_riscv64.whl", hash = "sha256:63c0291bf0f721543db3719c71f2d5ad6649f12abbcbc8324d42805dac112cbc", size = 4490328, upload-time = "2026-09-25T17:35:02.971Z" },
    { url = "https://files.pythonhosted.org/packages/4c/40/7bfd8136b8038bc1ffad70f283bd51aa93e43808ea522dac5a99be7b26b3/sqlalchemy-2.1.1-cp314-cp314t-musllinux_1_2_aarch64.whl", hash = "sha256:092a743f28f3a660321e9b093144b6a5b16f08dbb9b2f52466b47a2a128475c2", size = 4757854, upload-time = "2026-09-25T15:28:32.778Z" },
    { url = "https://files.pythonhosted.org/packages/ab/4b/a25d5f0e8493fa8ad2334a7100479302cd1928f788c6200faa952b47ee27/sqlalchemy-2.1.1-cp314-cp314t-musllinux_1_2_riscv64.whl", hash = "sha256:fdef70d59afce463bedef54580ba6a832f9f2313c1d0054e15cbb4ff46f37a97", size = 4490016, upload-time = "2026-09-25T17:35:05.664Z" },
    { url = "https://files.pythonhosted.org/packages/20/74/075ae28f89ba586a2229dc746aa8b4e5b0b2595f228c96bacadf66940bf4/sqlalchemy-2.1.1-cp314-cp314t-musllinux_1_2_x86_64.whl", hash = "sha256:0f94929be35def6580cf161f20c71930d9364d62f7040b6aed02b13fd3ca09e6", size = 4748267, upload-time = "2026-09-25T15:49:05.376Z" },
    { url = "https://files.pythonhosted.org/packages/57/fd/744a9e6d2788d1d4a077ed711d06cf503762ee8a614f887e284f0869beba/sqlalchemy-2.1.1-cp314-cp314t-win32.whl", hash = "sha256:dabf6a73f2cc1fa2155b29f2a8a85afd82d8613262e6054cc3c932f5dee5d474", size = 2431659, upload-time = "2026-09-25T15:25:37.802Z" },
    { url = "https://files.pythonhosted.org/packages/c7/11/f4a73cb472cf1401ba3f47b02eed7983a0545f0347582afd469d5da2f324/sqlalchemy-2.1.1-cp314-cp314t-win_amd64.whl", hash = "sha256:3353333f8c25fc5e0661f54630238a17b0d6600305e224400cd4642cce4af34f", size = 2499109, upload-time = "2026-09-25T15:25:39.706Z" },
    { url = "https://files.pythonhosted.org/packages/ee/54/21ceb7c4ad51255be2333aa4fb32c973d35fa28b26f9895c6d66767aff4d/sqlalchemy-2.1.1-cp314-cp314t-win_arm64.whl", hash = "sha256:7f15820c84b2377bcf02cf754232690ac2ad90d425978bf1e5ba30cc04f94d55", size = 2417171, upload-time = "2026-09-25T15:20:58.386Z" },
    { url = "https://files.pythonhosted.org/packages/a3/b4/bd32e5cc1d641871ca95c0d7bd06c9d7e03d47bcab100f0c27fd2e6c8c74/sqlalchemy-2.1.1-cp315-cp315-macosx_11_0_arm64.whl", hash = "sha256:481d926922d9bff632955ed6f07e2b87066b0d1069eb67cbc8c35e27f7fe5e1e", size = 2455487, upload-time = "2026-09-25T15:07:27.083Z" },
    { url = "https://files.pythonhosted.org/packages/1a/2c/87f7754471eff7ad3186243a835ebd609f10a46d73d0c62a40188d8ace70/sqlalchemy-2.1.1-cp315-cp315-manylinux2014_aarch64.manylinux_2_17_aarch64.manylinux_2_28_aarch64.whl", hash = "sha256:b2a036e3c8b183f9c31df7611e03a4bd160e055915772bb8c13ec382da8f3571", size = 4575174, upload-time = "2026-09-25T15:24:16.573Z" },
    { url = "https://files.pythonhosted.org/packages/c5/82/c6684ed8aea294894b26b8b832b5ad42dc448e385d35d8d265f6c24309bd/sqlalchemy-2.1.1-cp315-cp315-manylinux2014_x86_64.manylinux_2_17_x86_64.manylinux_2_28_x86_64.whl", hash = "sha256:fb1f36ca818146b0e844dbde6dced65805d4ee06ce6282aa46a807f9a6619ede", size = 4610877, upload-time = "2026-09-25T15:35:07.336Z" },
    { url = "https://files.pythonhosted.org/packages/e8/14/ce3422645f694cc59eadc267009c245c401f15e03b342a9342cb05517b99/sqlalchemy-2.1.1-cp315-cp315-manylinux_2_31_riscv64.manylinux_2_39_riscv64.whl", hash = "sha256:583038541d9246dbb05fc4ab73038dc61820983c12fa5e32a3b0d903e1ba7bba", size = 4312066, upload-time = "2026-09-25T15:28:55.17Z" },
    { url = "https://files.pythonhosted.org/packages/51/58/0888d935b0f9e2a61dfd28872cdda833be63239a4f21ac49f22a79fbb848/sqlalchemy-2.1.1-cp315-cp315-musllinux_1_2_aarch64.whl", hash = "sha256:e5274d07ae1dc5dc0e452ec24bdc97cf76ba189cab3f0c1c0386a1523240f775", size = 4505127, upload-time = "2026-09-25T15:24:18.447Z" },
    { url = "https://files.pythonhosted.org/packages/95/4b/c54b6cd56a1d064bef1dd1e202aa54d6b9baac4f3ecb8f42c179907d5e99/sqlalchemy-2.1.1-cp315-cp315-musllinux_1_2_riscv64.whl", hash = "sha256:f2c1c27a41d1a26db380b3bad45f822d979c9608108c32ee613a418ec454ecbf", size = 4312019, upload-time = "2026-09-25T15:28:57.606Z" },
    { url = "https://files.pythonhosted.org/packages/db/b0/a42e854cc34c9fd47b36f3df15b4036f778b5032bc3206b1be31d35476f9/sqlalchemy-2.1.1-cp315-cp315-musllinux_1_2_x86_64.whl", hash = "sha256:3ac9781474e4b6c3e184487643d47408666be794d5782165a817da63f981f89a", size = 4571994, upload-time = "2026-09-25T15:35:10.02Z" },
    { url = "https://files.pythonhosted.org/packages/d3/2d/34b2b42bdc5c5e4bd2d65406ac02cea51ad4bb6fed258223f6501a5ee902/sqlalchemy-2.1.1-cp315-cp315-win32.whl", hash = "sha256:eb2095d39baecbf8b78ea202d3d21178cc8d73e52c3b450c82feb200d5b0d1a9", size = 2373014, upload-time = "2026-09-25T15:19:07.42Z" },
    { url = "https://files.pythonhosted.org/packages/5c/91/441d75e7a94f3b5cf92b655282f5405925403daeba543d2cdfbcc6742923/sqlalchemy-2.1.1-cp315-cp315-win_amd64.whl", hash = "sha256:ee446c07db92e94af30e1390ef7d65c1172756403f743fb7d8b4fc5f377cd427", size = 2423755, upload-time = "2026-09-25T15:19:09.005Z" },
    { url = "https://files.pythonhosted.org/packages/52/1e/414a98da13eec0e6b984a0659c7cdcc835be8e5cb73ed13cf134aefff9e8/sqlalchemy-2.1.1-cp315-cp315-win_arm64.whl", hash = "sha256:57ae70935cd382cd41d84757e802687f7c5e7411aecf2b962b7bdb6ea74e088c", size = 2388191, upload-time = "2026-09-25T15:29:56.041Z" },
    { url = "https://files.pythonhosted.org/packages/8c/d6/750d7aeb670f4954704206a5a0d20b07833549080d2e5cb1503890da568a/sqlalchemy-2.1.1-cp315-cp315t-macosx_11_0_arm64.whl", hash = "sha256:558d6d7d6eec0e54ed212320a587bb7f30553550396226d8488803c93757f17b", size = 2491192, upload-time = "2026-09-25T15:27:29.424Z" },
    { url = "https://files.pythonhosted.org/packages/e3/07/8e5c0691325466bbca0768406b4d5c2b6585d9684e25a4894bdc4df9c745/sqlalchemy-2.1.1-cp315-cp315t-manylinux2014_aarch64.manylinux_2_17_aarch64.manylinux_2_28_aarch64.whl", hash = "sha256:e1986faa95fd7b206e5bdd1af7f4ba9ac10f1166225fb2eca0fbca04e3851f7d", size = 4875769, upload-time = "2026-09-25T15:28:35.083Z" },
    { url = "https://files.pythonhosted.org/packages/29/2f/4deede5e238c5d539422e8f6cd692925a604a37b7c518bbcc89ac49ca801/sqlalchemy-2.1.1-cp315-cp315t-manylinux2014_x86_64.manylinux_2_17_x86_64.manylinux_2_28_x86_64.whl", hash = "sha256:87d45175e8ba4a1ee027ad9307e6a4bf8a242469415f12afc9477def739474b0", size = 4826021, upload-time = "2026-09-25T15:49:07.847Z" },
    { url = "https://files.pythonhosted.org/packages/b2/0d/b620b9ccafbdefd83cda6fd479e82d7f5dd0baec0fcae8c9e2b1296091f1/sqlalchemy-2.1.1-cp315-cp315t-manylinux_2_31_riscv64.manylinux_2_39_riscv64.whl", hash = "sha256:8d846615b89702ef5d0809e701ff5f3816b88dd02670c777adc456f6d81ef3ef", size = 4476462, upload-time = "2026-09-25T17:35:08.43Z" },
    { url = "https://files.pythonhosted.org/packages/0b/b1/e6829e519e73365c180568b64b5d2f79350daf6eb468e74cdc45b2bef018/sqlalchemy-2.1.1-cp315-cp315t-musllinux_1_2_aarch64.whl", hash = "sha256:9324681cf8d8e9c7f6e507fea6a8ac2215fee253340d4399645216a08b936660", size = 4733363, upload-time = "2026-09-25T15:28:37.973Z" },
    { url = "https://files.pythonhosted.org/packages/af/78/9315b9732ce85aae954a4609f9e7d45975a8cf3a4133f2f8bda7fb7bdca0/sqlalchemy-2.1.1-cp315-cp315t-musllinux_1_2_riscv64.whl", hash = "sha256:88cb0a27ee9571fe339d7809a40b14ff2387ea05d02629a390a03c87cc981277", size = 4475138, upload-time = "2026-09-25T17:35:10.766Z" },
    { url = "https://files.pythonhosted.org/packages/99/f0/50f86f633f6ddb76d4a81bba1d0b382acfe465063699bc19900daeefdf05/sqlalchemy-2.1.1-cp315-cp315t-musllinux_1_2_x86_64.whl", hash = "sha256:359e2411cf4713b4b323b3c2558a07663a19ab82a5d7b23c601e1be5432aac0c", size = 4752931, upload-time = "2026-09-25T15:49:10.069Z" },
    { url = "https://files.pythonhosted.org/packages/60/0c/e5a498c55b4f73b06bd9d541dff00b9736942bade23203719f1ba2c90774/sqlalchemy-2.1.1-cp315-cp315t-win32.whl", hash = "sha256:d111318e32b4452d85b491d2ba3f39f6be2736ff858da616f0e6627bb3810145", size = 2428440, upload-time = "2026-09-25T15:25:41.517Z" },
    { url = "https://files.pythonhosted.org/packages/99/0b/df1c33f575ef39074dc682db2a33a1c5f259d48ca392b95a695f43553a29/sqlalchemy-2.1.1-cp315-cp315t-win_amd64.whl", hash = "sha256:b357598df0676accd1ccfb6bbc5db53dbfb499052d2d1677adf4ce14a7180664", size = 2494146, upload-time = "2026-09-25T15:25:43.453Z" },
    { url = "https://files.pythonhosted.org/packages/43/e1/f3d25c2ca66ed394b0fc9786af9857c448bc9ac68e59c3d2283245e9dc40/sqlalchemy-2.1.1-cp315-cp315t-win_arm64.whl", hash = "sha256:b76d8fddf080c53f2afdea6e7149721e7b980086a2f17a9b0bdb42571a92c285", size = 2412985, upload-time = "2026-09-25T15:20:59.747Z" },
    { url = "https://files.pythonhosted.org/packages/c5/7a/7d1879d78c086737acee5f3250cbff9d285e5bd7cb6bc2c730f24e8d400e/sqlalchemy-2.1.1-py3-none-any.whl", hash = "sha256:4357c1a222e141662251a59d3702f9b124294941171dfa6bd570513e9f4905ee", size = 2047471, upload-time = "2026-09-25T15:20:37.797Z" },
]

[[package]]
name = "typing-extensions"
version = "4.16.0"
source = { registry = "https://pypi.org/simple" }
sdist = { url = "https://files.pythonhosted.org/packages/f6/cc/6253133b5bb138fc3306cebfbda2c520f545d36b5be2c7255cc528bb45d6/typing_extensions-4.16.0.tar.gz", hash = "sha256:dc983d19a509c94dba722ee6abd33940f7c05a89e243c47e907eb4db6f1a43e5", size = 113555, upload-time = "2026-07-02T08:40:05.92Z" }
wheels = [
    { url = "https://files.pythonhosted.org/packages/49/d3/b8441a820a491ddfc024b0b0cf0393375b75ea13866d9c66727e54c2fc80/typing_extensions-4.16.0-py3-none-any.whl", hash = "sha256:481caa481374e813c1b176ada14e97f1f67a4539ce9cfeb3f350d78d6370c2e8", size = 45571, upload-time = "2026-07-02T08:40:04.659Z" },
]
