version = 1
revision = 3
requires-python = ">=3.12"

[[package]]
name = "av5"
version = "0.1.0"
source = { editable = "." }
dependencies = [
    { name = "pymysql" },
    { name = "python-dotenv" },
    { name = "sqlalchemy" },
]

[package.metadata]
requires-dist = [
    { name = "pymysql", specifier = ">=1.2.3" },
    { name = "python-dotenv", specifier = ">=1.2.3" },
    { name = "sqlalchemy", specifier = ">=2.1.1" },
]

[[package]]
name = "pymysql"
version = "1.2.3"
source = { registry = "https://pypi.org/simple" }
sdist = { url = "https://files.pythonhosted.org/packages/b1/d4/c15b459e25a23767d2f4065ef40968920320f04e302889574310c21c96a3/pymysql-1.2.3.tar.gz", hash = "sha256:d5b288529782e536ae171866df3ca9dc4f6cbfb3cc2f18e6f837fbb90dbc262b", size = 50629, upload-time = "2026-09-17T12:22:49.146Z" }
wheels = [
    { url = "https://files.pythonhosted.org/packages/a9/4b/0a906d8184f011ff8dbd4722743783867589b33269d2c5fff238d636fdcb/pymysql-1.2.3-py3-none-any.whl", hash = "sha256:14f1c68e2ed859243ae5ca41ffbe677027fc46bc136a9f0be8a4e928e5e7415a", size = 46740, upload-time = "2026-09-17T12:22:47.826Z" },
]

[[package]]
name = "python-dotenv"
version = "1.2.4"
source = { registry = "https://pypi.org/simple" }
sdist = { url = "https://files.pythonhosted.org/packages/74/26/2fbeedb218a787a5eea551c7532cac4e009f83d689dd2faa0d0353473f86/python_dotenv-1.2.4.tar.gz", hash = "sha256:f0d53e69935a851c0dcc78f3ab7aaccd8cabef0b92382b576b824212902873c0", size = 60824, upload-time = "2026-10-01T05:36:10Z" }
wheels = [
    { url = "https://files.pythonhosted.org/packages/60/d1/38f3a3405989a89ac18390803e70c6ad7c7760da4f9b83cbeca0c44a0c72/python_dotenv-1.2.4-py3-none-any.whl", hash = "sha256:42269a8a5b3fd54ffa6f3d84b18abed50064717576b4ecf03dc4a55d8aa04fdc", size = 23266, upload-time = "2026-10-01T05:36:08.633Z" },
]

[[package]]
name = "sqlalchemy"
version = "2.1.3"
source = { registry = "https://pypi.org/simple" }
dependencies = [
    { name = "typing-extensions" },
]
sdist = { url = "https://files.pythonhosted.org/packages/02/4b/81d972a46c9f1d978af1795e2abc988855c711453552cb45d75f6e4abbf5/sqlalchemy-2.1.3.tar.gz", hash = "sha256:ade5281df06038c6394f532590d592d3381ee5d11b9e0006a2570aef41145118", size = 10525778, upload-time = "2026-10-02T22:57:00.308Z" }
wheels = [
    { url = "https://files.pythonhosted.org/packages/1a/5f/4dddd8758e6725419c2a21319cd5615ec37c0e7abb54c05ec09839ffbaa0/sqlalchemy-2.1.3-cp312-cp312-macosx_11_0_arm64.whl", hash = "sha256:7089cd2408cdae671c0775991e91349532d44f91fccc3248aada4b2243600da8", size = 2463500, upload-time = "2026-10-03T02:41:04.332Z" },
    { url = "https://files.pythonhosted.org/packages/4e/96/6bcb70507e44bf48e790181809daa86f3d6813738e3d2bca7e50c671d2f7/sqlalchemy-2.1.3-cp312-cp312-manylinux2014_aarch64.manylinux_2_17_aarch64.manylinux_2_28_aarch64.whl", hash = "sha256:565da0a28051cc4ac6f3ae6e9f33cae707ac6b102eac077ebdaada05226f8e3d", size = 4657690, upload-time = "2026-10-02T23:14:48.579Z" },
    { url = "https://files.pythonhosted.org/packages/ab/1c/d306dbb3bcb7d529099fbcc7e4a4bdf99059622ca53311831ac6349b5b31/sqlalchemy-2.1.3-cp312-cp312-manylinux2014_x86_64.manylinux_2_17_x86_64.manylinux_2_28_x86_64.whl", hash = "sha256:f68fb01c2bea9d6e362f37f8109974d285718880ee59eefff1c9a11e5e5df6a9", size = 4706298, upload-time = "2026-10-03T02:31:47.825Z" },
    { url = "https://files.pythonhosted.org/packages/b9/8e/e424c5bc13387c8923d1e36db0205fc73d21f93358ba6b386aca5c65c2c3/sqlalchemy-2.1.3-cp312-cp312-manylinux_2_31_riscv64.manylinux_2_39_riscv64.whl", hash = "sha256:6a60162b10e59cde7037b65ee52c45ff106f183b454d3763351534d18c109641", size = 4356480, upload-time = "2026-10-02T23:51:41.462Z" },
    { url = "https://files.pythonhosted.org/packages/40/c0/815e27b5e2a27c118c4cbe90188bb9aa09292fb58867dc14a17bbad0c776/sqlalchemy-2.1.3-cp312-cp312-musllinux_1_2_aarch64.whl", hash = "sha256:314407ce02091e80ec295c2392ad04573a08fa9517359a99b63bdfdb041e6c55", size = 4581573, upload-time = "2026-10-02T23:14:50.575Z" },
    { url = "https://files.pythonhosted.org/packages/d0/37/26be272c44efbadff873675086aca27197e4e39e5100099a0d3bd84c7e8f/sqlalchemy-2.1.3-cp312-cp312-musllinux_1_2_riscv64.whl", hash = "sha256:8212524da8426cc35b99d573447f7e13e94eaf4ae31fcc0f84132222c0e7d904", size = 4350388, upload-time = "2026-10-02T23:51:43.273Z" },
    { url = "https://files.pythonhosted.org/packages/d5/ea/1f670e25011ccf022baeaa86476295f8a0c603957175a4b4c7ed57062dfc/sqlalchemy-2.1.3-cp312-cp312-musllinux_1_2_x86_64.whl", hash = "sha256:2b7c7d6db0d967a9feedda37d1bbbbea2415e6d5e8e6ff7ef6e52990f33ae414", size = 4654995, upload-time = "2026-10-03T02:31:49.947Z" },
    { url = "https://files.pythonhosted.org/packages/4d/1f/983b1b961a6fd5d9c7630ccf80f44cc63da4fddb0ac7d125f5720278550b/sqlalchemy-2.1.3-cp312-cp312-win32.whl", hash = "sha256:c663d71a0dbac51085074ad779d555a69af18f5ef01690c8206a92603df46cc9", size = 2374254, upload-time = "2026-10-03T02:53:56.996Z" },
    { url = "https://files.pythonhosted.org/packages/8f/de/7cd2083ad8b6c6a905a9c70663588090fd23a3ecbda5d15bf558df7715fa/sqlalchemy-2.1.3-cp312-cp312-win_amd64.whl", hash = "sha256:f097f4efb9ba48f3069b17998abd8bbe2131b7f5d3c00ab7b69101d68bd976f4", size = 2426552, upload-time = "2026-10-03T02:53:59.061Z" },
    { url = "https://files.pythonhosted.org/packages/ae/d0/b09299052f0f0f7366f46d63056a2e20399976e670bf8f399cfb59b83adb/sqlalchemy-2.1.3-cp312-cp312-win_arm64.whl", hash = "sha256:7cdc5952525055fcddbbd4ca6c53812e228b6478cc95bdd7bbb24708ed045740", size = 2386139, upload-time = "2026-10-03T02:45:04.83Z" },
    { url = "https://files.pythonhosted.org/packages/1a/71/68c29931fb2c5178241f7d0c63dbdd800ad65685eac70d7f2117145b5e3c/sqlalchemy-2.1.3-cp313-cp313-macosx_11_0_arm64.whl", hash = "sha256:260bdd8baa1dc631d76d14b26ad009ebbb665b4469666afef8dcaa1f964016cb", size = 2457479, upload-time = "2026-10-03T02:39:19.741Z" },
    { url = "https://files.pythonhosted.org/packages/94/21/5dbd91816b2cdb367bca3195f300ffeca916762e088d6924fc33a18f50ad/sqlalchemy-2.1.3-cp313-cp313-manylinux2014_aarch64.manylinux_2_17_aarch64.manylinux_2_28_aarch64.whl", hash = "sha256:5fc01a8047d6a4f4e997441994f07af79fdd470fc80669751e32f91153d6b491", size = 4582199, upload-time = "2026-10-02T23:37:44.508Z" },
    { url = "https://files.pythonhosted.org/packages/32/d1/79962ce06d6cd34516def113f5170184fa9401ebddc59fd6cb18f6e919f3/sqlalchemy-2.1.3-cp313-cp313-manylinux2014_x86_64.manylinux_2_17_x86_64.manylinux_2_28_x86_64.whl", hash = "sha256:b1b3ff10eba0f9290142375e667351c99d24ee7fcff6e0f85bd8be9d39b50a17", size = 4632923, upload-time = "2026-10-02T23:35:55.318Z" },
    { url = "https://files.pythonhosted.org/packages/3c/94/03e98031dc9a1738c580c3bf01beeafe695f247eb647f4e8dda3fab2454f/sqlalchemy-2.1.3-cp313-cp313-manylinux_2_31_riscv64.manylinux_2_39_riscv64.whl", hash = "sha256:efb1ebf695e80d9a69f5bbff9d812d2491fd168b27d6b42ad4c8a4d3d6faaef1", size = 4300224, upload-time = "2026-10-02T23:46:45.495Z" },
    { url = "https://files.pythonhosted.org/packages/3a/1f/388c87607eb6c7abee4866355eeebb6221b3bcb413a64ce4a5cfc3edd22f/sqlalchemy-2.1.3-cp313-cp313-musllinux_1_2_aarch64.whl", hash = "sha256:a95754928d47b37ea5c4b5180101db2afabef1da0dd5cd0c573b547d5d036ff0", size = 4507170, upload-time = "2026-10-02T23:38:29.697Z" },
    { url = "https://files.pythonhosted.org/packages/57/73/5515a3f555d31748564fbeb0b9e0b6ab7a647bf2ea0cdb6d233f20f710e3/sqlalchemy-2.1.3-cp313-cp313-musllinux_1_2_riscv64.whl", hash = "sha256:7606b413730ac6002930faa96f52195ed6969040b78071a3336370661f5e9e09", size = 4301439, upload-time = "2026-10-02T23:46:47.845Z" },
    { url = "https://files.pythonhosted.org/packages/a3/a0/0eae9b96f6f8a09f3e5d388f6fc5d6fe8d5ff2aced2a5c75bea7333d445e/sqlalchemy-2.1.3-cp313-cp313-musllinux_1_2_x86_64.whl", hash = "sha256:76c3d5c7ada0925ff12e8c2395c547f88fcfccc13368ff8e8dd55ab5e28dcdab", size = 4594441, upload-time = "2026-10-03T02:46:16.928Z" },
    { url = "https://files.pythonhosted.org/packages/f5/b1/b6d681015414ce9048c07ef3ac49b693c1b8373de4716ee4bdeff4ec19a0/sqlalchemy-2.1.3-cp313-cp313-win32.whl", hash = "sha256:cb6fc5c856e8f1c0228bf74b636c0a03a6c12dd502ced7aa82ced21dcdc7f547", size = 2371547, upload-time = "2026-10-03T02:49:23.549Z" },
    { url = "https://files.pythonhosted.org/packages/56/ad/35aa4d737016640c6da7573a4bcd9d91b59a87359bc6df075627963a4781/sqlalchemy-2.1.3-cp313-cp313-win_amd64.whl", hash = "sha256:82d4c63d338737d593f1d29c4dae0a124577a9a76186d90b5c0f9ec9cbeeab35", size = 2421558, upload-time = "2026-10-03T02:49:25.448Z" },
    { url = "https://files.pythonhosted.org/packages/fc/42/0dcc7cd92a3f4773376a5488b6ce0d6d75d2d029ad7e7f9e0ecc5fb48fcd/sqlalchemy-2.1.3-cp313-cp313-win_arm64.whl", hash = "sha256:0ab6f42761cc5c48d2f3e8a70810d10630d8222a51a7111cf9b3a48f22c3f148", size = 2382507, upload-time = "2026-10-03T02:42:42.812Z" },
    { url = "https://files.pythonhosted.org/packages/11/55/d626c933b7d034619c57120fafb47c0d44b2553ad2b8f74e904a40c01258/sqlalchemy-2.1.3-cp314-cp314-macosx_11_0_arm64.whl", hash = "sha256:660c6e16d254568874d4b77fd593aa5426f55cf40d0acc8b5364a5e61cc1044d", size = 2460626, upload-time = "2026-10-03T02:39:21.751Z" },
    { url = "https://files.pythonhosted.org/packages/35/90/9b276c8eed59694d5c2291588fae9c51f25a5c63efb00ef9a7c6e754a2cd/sqlalchemy-2.1.3-cp314-cp314-manylinux2014_aarch64.manylinux_2_17_aarch64.manylinux_2_28_aarch64.whl", hash = "sha256:7277ba31ffb636666ed207d2aaf74de3cd2ee78436da7552bd4eeadf1f67740a", size = 4576390, upload-time = "2026-10-02T23:38:31.943Z" },
    { url = "https://files.pythonhosted.org/packages/60/21/818e89fe73ba4600abf5090e0d2356d92de9ca3a8aa9222d64801e510bd2/sqlalchemy-2.1.3-cp314-cp314-manylinux2014_x86_64.manylinux_2_17_x86_64.manylinux_2_28_x86_64.whl", hash = "sha256:b728c406b1b202e8998e8f9adacb56773bfeea67da74252ad3025bcb8f5863f1", size = 4606177, upload-time = "2026-10-03T02:46:19.291Z" },
    { url = "https://files.pythonhosted.org/packages/88/75/ab96bb0e27153d123340d6f1b14fac3713c03b7e3ca3f74f4c0715345775/sqlalchemy-2.1.3-cp314-cp314-manylinux_2_31_riscv64.manylinux_2_39_riscv64.whl", hash = "sha256:85623c57c3696dcbc4fc909bbf335a2f0c27ae36f762d83810067fb49abc040e", size = 4300438, upload-time = "2026-10-02T23:46:50.03Z" },
    { url = "https://files.pythonhosted.org/packages/94/49/c7e0223fe5553ff1c31853c07f158f75245f8d435435755a789249f5121a/sqlalchemy-2.1.3-cp314-cp314-musllinux_1_2_aarch64.whl", hash = "sha256:ac0de6dc326cc99ac31206359e9fc2c13345f667edeb6ef556585fedac4ff698", size = 4506089, upload-time = "2026-10-02T23:38:34.209Z" },
    { url = "https://files.pythonhosted.org/packages/10/83/d6aad5e1a5b3a3e9257f932971b7f2105be6669205d4d9946f5f87d73216/sqlalchemy-2.1.3-cp314-cp314-musllinux_1_2_riscv64.whl", hash = "sha256:65e002b794efa1bacbbde9fa973e5340d6c3c29b53e592b863a281802829319d", size = 4301730, upload-time = "2026-10-02T23:46:52.115Z" },
    { url = "https://files.pythonhosted.org/packages/04/54/310b9fd03ba7de6359185a0914bcd0cf45a76c6314e49d1ec814a50ae13e/sqlalchemy-2.1.3-cp314-cp314-musllinux_1_2_x86_64.whl", hash = "sha256:65e4813c78eaa679c9369b289e67fdba924db6be14067700c5ccbda37953af9a", size = 4565315, upload-time = "2026-10-03T02:46:21.64Z" },
    { url = "https://files.pythonhosted.org/packages/d4/8b/f6f7d46bc4e7bdc16fa78ec9a390f01852f2b080b7c75e83db4947b707c6/sqlalchemy-2.1.3-cp314-cp314-win32.whl", hash = "sha256:726987e7f8500614016be056ba5c9715b760ab465295741e2087b29753d72632", size = 2378402, upload-time = "2026-10-03T02:49:27.524Z" },
    { url = "https://files.pythonhosted.org/packages/9a/5f/dabd1ea48dd6c45383526c7f2e453fea15dcb53235edbadab49857fd7bfd/sqlalchemy-2.1.3-cp314-cp314-win_amd64.whl", hash = "sha256:0560458a775917bcd7a47eccf4f9e0b135fd9b72d7b819cb1bd60581de946f9a", size = 2428828, upload-time = "2026-10-03T02:49:29.481Z" },
    { url = "https://files.pythonhosted.org/packages/23/aa/ecba6a6141d24dbd4b002b451e0c410b7c6cb82a8a873f915f89314af830/sqlalchemy-2.1.3-cp314-cp314-win_arm64.whl", hash = "sha256:63c9289ed81991ba4d500611ce201531711430f5d23d7ae9a61a8842639b85ea", size = 2393599, upload-time = "2026-10-03T02:42:44.416Z" },
    { url = "https://files.pythonhosted.org/packages/33/41/f2c5eb9371cc1352a16001642702dfc2d73537995eea5cdeec7738f90a9d/sqlalchemy-2.1.3-cp314-cp314t-macosx_11_0_arm64.whl", hash = "sha256:08b2f345db8b0742e7814c49f9a210d5f5c8fb9d80d12c8a63bba762fa277477", size = 2500084, upload-time = "2026-10-02T23:35:35.774Z" },
    { url = "https://files.pythonhosted.org/packages/73/f1/fabd748dd8a1700579906649ac05414d65eca5bca44a3ac3c22856ed8d25/sqlalchemy-2.1.3-cp314-cp314t-manylinux2014_aarch64.manylinux_2_17_aarch64.manylinux_2_28_aarch64.whl", hash = "sha256:493b632f426579c4b0e97a5610f76c8c3d401cede442d462bf700b537035c91e", size = 4904105, upload-time = "2026-10-03T02:49:06.101Z" },
    { url = "https://files.pythonhosted.org/packages/ad/6b/a7a3d5c77c16386e16eb9dc8ba82e0cc6b03d6ee0ef6620921655df82413/sqlalchemy-2.1.3-cp314-cp314t-manylinux2014_x86_64.manylinux_2_17_x86_64.manylinux_2_28_x86_64.whl", hash = "sha256:55e06933580f4faa5a7b1d2c9ad04f365fe01c40465eb982e38fda8758c1e95c", size = 4814161, upload-time = "2026-10-02T23:34:39.253Z" },
    { url = "https://files.pythonhosted.org/packages/63/72/275dac552b869a21774c08a7084bad16bd99f28384b8c95ffcded1a18884/sqlalchemy-2.1.3-cp314-cp314t-manylinux_2_31_riscv64.manylinux_2_39_riscv64.whl", hash = "sha256:fdcee9536cb3281b8810787ba651f4e5f22bd687b177de89fba2155b055b07b0", size = 4494471, upload-time = "2026-10-02T23:59:11.642Z" },
    { url = "https://files.pythonhosted.org/packages/e8/3e/41d8071c58a20e2ba9fabc422938a219461f0b32aa537ab69afe06daa0e5/sqlalchemy-2.1.3-cp314-cp314t-musllinux_1_2_aarch64.whl", hash = "sha256:d2cb28779dbf54067655030d7ab3a6726c7957c56bde5ff6745ed86b5cebff41", size = 4762070, upload-time = "2026-10-03T02:49:08.052Z" },
    { url = "https://files.pythonhosted.org/packages/75/73/b747233b8ad935467eb1f2aa1c466af69831693cab3495c88842bf1bd3ac/sqlalchemy-2.1.3-cp314-cp314t-musllinux_1_2_riscv64.whl", hash = "sha256:01a90cac3f8d93fcbda0df119ef56c4d58aad5601f6b7ee5a38bfabbd5d119b8", size = 4494691, upload-time = "2026-10-02T23:59:13.733Z" },
    { url = "https://files.pythonhosted.org/packages/71/aa/ba11b725b9529879aff489e36cdaccc3fd69620fb30b89186792523bc262/sqlalchemy-2.1.3-cp314-cp314t-musllinux_1_2_x86_64.whl", hash = "sha256:edbc28049ab8da07387ea2b85ceee747b36b25444ffa4aaba9f6e1461d5b2634", size = 4752692, upload-time = "2026-10-03T02:54:01.04Z" },
    { url = "https://files.pythonhosted.org/packages/b6/b8/86ec625db10e285ed8459e39ab3e56b7630554bc733e64a190e248eeea25/sqlalchemy-2.1.3-cp314-cp314t-win32.whl", hash = "sha256:724f587ced076d89291032b35476d6bdb401cce1dd680c1e3418c01d9bd55ad4", size = 2436746, upload-time = "2026-10-03T02:56:47.297Z" },
    { url = "https://files.pythonhosted.org/packages/18/be/1309b0b3acfcd6e0060c815762012c66d23eece8c9eb8091da5c850a1289/sqlalchemy-2.1.3-cp314-cp314t-win_amd64.whl", hash = "sha256:935085a5b8849d324c22bc3cc09fd07b3669cc22ba5bdd3ec208829e535cdef9", size = 2504160, upload-time = "2026-10-03T02:56:49.705Z" },
    { url = "https://files.pythonhosted.org/packages/9b/b2/ac9067f4d6c43887570df54e6c340ae9c591a8e75a5fd3029a9d7deba163/sqlalchemy-2.1.3-cp314-cp314t-win_arm64.whl", hash = "sha256:2ebfff82cece947fea1ed6337d4f0613b9799f6db621c9729790fdd41edfb5ea", size = 2422266, upload-time = "2026-10-02T23:35:30.802Z" },
    { url = "https://files.pythonhosted.org/packages/a0/e5/54a863bf8e12fa97cd06bb2e012aeca53b5535bc07aabe0192a4ed77ed44/sqlalchemy-2.1.3-cp315-cp315-macosx_11_0_arm64.whl", hash = "sha256:47a052dcd935a62326216bc5f0ed10ad941c77c3acc9200385e0c03c4f31d5a9", size = 2460525, upload-time = "2026-10-03T02:38:02.872Z" },
    { url = "https://files.pythonhosted.org/packages/f9/63/f6f8a8d8e8f8be456bea70ad2b9af90a60a7f98d349b178b9eaaea86431b/sqlalchemy-2.1.3-cp315-cp315-manylinux2014_aarch64.manylinux_2_17_aarch64.manylinux_2_28_aarch64.whl", hash = "sha256:1e5916b43a9a8f346026f663583f203d0c43febad504ff2fed504dec6e078f20", size = 4579659, upload-time = "2026-10-02T23:35:35.789Z" },
    { url = "https://files.pythonhosted.org/packages/fa/7f/9f1064ef0f8f15e3c1cb8fa7ad5e4fc7e1e311ad0e1e46bc2e77940585bb/sqlalchemy-2.1.3-cp315-cp315-manylinux2014_x86_64.manylinux_2_17_x86_64.manylinux_2_28_x86_64.whl", hash = "sha256:b9af78a85af63114e2650f019ddf8fffb871e659e92bffb7d0bce5753f706caf", size = 4615129, upload-time = "2026-10-02T23:38:44.119Z" },
    { url = "https://files.pythonhosted.org/packages/c4/4a/f1a002235cc785d219738e096c7c65f68e9b7ed30c810997236567c50af9/sqlalchemy-2.1.3-cp315-cp315-manylinux_2_31_riscv64.manylinux_2_39_riscv64.whl", hash = "sha256:d218698c4f05728a941d6ad7c769b6491f03058e102cf811b7e4900f78fffa07", size = 4316528, upload-time = "2026-10-02T23:39:13.275Z" },
    { url = "https://files.pythonhosted.org/packages/a8/9c/6ee4e5ab55558408c16fe1713db415e45024f42cdb1c573ebceacc09d01c/sqlalchemy-2.1.3-cp315-cp315-musllinux_1_2_aarch64.whl", hash = "sha256:80e6ccf111bc3f57530935f5541c6c1da50ac9713c418378840683532a45dd2d", size = 4509727, upload-time = "2026-10-03T02:41:25.314Z" },
    { url = "https://files.pythonhosted.org/packages/64/8c/a6bdf2874518c628fdedf24144194afa88cceb70339e5050459cdc2723cf/sqlalchemy-2.1.3-cp315-cp315-musllinux_1_2_riscv64.whl", hash = "sha256:9a3ce1ff88dfb9f9f4305da07f4fab87720b609e264d134e47ae84a52df130bd", size = 4316490, upload-time = "2026-10-02T23:39:15.342Z" },
    { url = "https://files.pythonhosted.org/packages/10/3b/d859b638495a63ef7c155a8185369fa86ba2b860154d777e46eba922324f/sqlalchemy-2.1.3-cp315-cp315-musllinux_1_2_x86_64.whl", hash = "sha256:77a365f7cb81bbd738c948b64e0b683f8f1b68efe51ca2815e8ad4baf6287ed9", size = 4576491, upload-time = "2026-10-02T23:38:45.97Z" },
    { url = "https://files.pythonhosted.org/packages/23/0b/c560177600613df0cfe27e27c346bac956b631cd5236178b81144e783e9e/sqlalchemy-2.1.3-cp315-cp315-win32.whl", hash = "sha256:83757320391b96cde715af0772675941d3e345da9ced3696c030f7f55ffa8eab", size = 2378116, upload-time = "2026-10-02T23:14:57.441Z" },
    { url = "https://files.pythonhosted.org/packages/d3/72/d39f60d0bc873653c0fec76aa088c969a2394ea7737f18d812fbe0e8c0c5/sqlalchemy-2.1.3-cp315-cp315-win_amd64.whl", hash = "sha256:f87533295b84c9e19ca2a72dc26a76e0192f0a2424f8fd575a82e75e7d58f9e1", size = 2428865, upload-time = "2026-10-02T23:14:58.959Z" },
    { url = "https://files.pythonhosted.org/packages/c5/03/953cf93136de44ee9d6cebee14666dcc2c4a4285fe159b2e459326631e49/sqlalchemy-2.1.3-cp315-cp315-win_arm64.whl", hash = "sha256:3e46a27b0c74af74aa6c08c983ca51db88d22dd86c316d72a634e989b7caef58", size = 2393289, upload-time = "2026-10-02T23:08:31.958Z" },
    { url = "https://files.pythonhosted.org/packages/a2/1e/5b5af9c0fe4e6f713d2ab684b88f10fd1cbe55bd34cca4d676fb930c9da3/sqlalchemy-2.1.3-cp315-cp315t-macosx_11_0_arm64.whl", hash = "sha256:06ef75e3e0c72d774b41f659bfc4f63d5e207d6c8418abe2b80843a4a25e2fa6", size = 2496326, upload-time = "2026-10-03T02:48:37.363Z" },
    { url = "https://files.pythonhosted.org/packages/2b/6c/6192d30fe24edc7c9e98c315341b7342ba7168d1729867c5d87e56285658/sqlalchemy-2.1.3-cp315-cp315t-manylinux2014_aarch64.manylinux_2_17_aarch64.manylinux_2_28_aarch64.whl", hash = "sha256:70e05ae07dd9be29d4723bd0c880df622387eb51efb46a7b8efd49295248ffd7", size = 4880284, upload-time = "2026-10-03T02:49:10.221Z" },
    { url = "https://files.pythonhosted.org/packages/40/11/a758ae0116ab663f3520970cd870da5616cbb09c369b843239cce50696d7/sqlalchemy-2.1.3-cp315-cp315t-manylinux2014_x86_64.manylinux_2_17_x86_64.manylinux_2_28_x86_64.whl", hash = "sha256:10fdff11782842696172489bd4861ae63c212e62ee7c4fc61fdda90961abd1f3", size = 4830599, upload-time = "2026-10-03T02:54:03.353Z" },
    { url = "https://files.pythonhosted.org/packages/8a/e8/faa500255fd90f421ef9e918d522aa4f02212b53859c35dadbafb3532bb2/sqlalchemy-2.1.3-cp315-cp315t-manylinux_2_31_riscv64.manylinux_2_39_riscv64.whl", hash = "sha256:edd3e6690f350c89c616e78e9b58833c3d8925607ac5faf3530f38f053f58e4d", size = 4481272, upload-time = "2026-10-02T23:59:15.592Z" },
    { url = "https://files.pythonhosted.org/packages/3c/4d/26fc9adb3fbc1d5fb8b92043a1639fd111761b8c52a2ce61df8b00ff405d/sqlalchemy-2.1.3-cp315-cp315t-musllinux_1_2_aarch64.whl", hash = "sha256:e3c165df26eca3d2612f60ea91af02648cb1bd492eadfa64dba15c9a3a0fb09c", size = 4737553, upload-time = "2026-10-03T02:49:12.413Z" },
    { url = "https://files.pythonhosted.org/packages/08/41/3639fc1d9fd7ea201ed4941215c14b87ce3c3b5f5f0190eb93321d673e48/sqlalchemy-2.1.3-cp315-cp315t-musllinux_1_2_riscv64.whl", hash = "sha256:70c073d28d043766eb1725010792f302f59b14636ffef478793045471efe92dd", size = 4479761, upload-time = "2026-10-02T23:59:17.572Z" },
    { url = "https://files.pythonhosted.org/packages/47/c8/541035b19b34dd581fb24b6fcf065db6fb4f210b9fbf93e1b2bf5f8cd5c0/sqlalchemy-2.1.3-cp315-cp315t-musllinux_1_2_x86_64.whl", hash = "sha256:bf5f63229512f14e7bffc9a0041386318f592e76bbeaf9b750b39056094d91f3", size = 4757307, upload-time = "2026-10-03T02:54:05.524Z" },
    { url = "https://files.pythonhosted.org/packages/40/a3/bb51886c02a60f1b7fb5461a25d6a3e57ce0557b916032dc3c7a72fae226/sqlalchemy-2.1.3-cp315-cp315t-win32.whl", hash = "sha256:697942762c40e31eb0fa39bf0e58e1ac1b5b1ff9022da62b74f7cdc53096a482", size = 2433533, upload-time = "2026-10-03T02:56:52.298Z" },
    { url = "https://files.pythonhosted.org/packages/e5/8e/1739b378a2b40bfc5541355c9d944b96dffcbe86aa1ed3aff31ad13f5d9b/sqlalchemy-2.1.3-cp315-cp315t-win_amd64.whl", hash = "sha256:a9c33c0d081a9d2c94229b9ae1834cb2ef81dd81253df4763e32111287b64c31", size = 2499211, upload-time = "2026-10-03T02:56:54.801Z" },
    { url = "https://files.pythonhosted.org/packages/5d/9a/ce4ea58551258203381017bc4724369cc8948ac5a46212671266b13424c4/sqlalchemy-2.1.3-cp315-cp315t-win_arm64.whl", hash = "sha256:c36ff11196dacf50312a2cc51a798bb41611331c174871f065be651a838a5361", size = 2418086, upload-time = "2026-10-03T02:44:11.611Z" },
    { url = "https://files.pythonhosted.org/packages/e5/12/23d8fb7ed90e5b674006ace415ede1c60cdfc38ace50968b59ef42c22754/sqlalchemy-2.1.3-py3-none-any.whl", hash = "sha256:6f0cf4debd86cb5623a50310784bd005c215761ca7f618d0d4f46193d033675a", size = 2052603, upload-time = "2026-10-03T02:34:19.115Z" },
]

[[package]]
name = "typing-extensions"
version = "4.16.0"
source = { registry = "https://pypi.org/simple" }
sdist = { url = "https://files.pythonhosted.org/packages/f6/cc/6253133b5bb138fc3306cebfbda2c520f545d36b5be2c7255cc528bb45d6/typing_extensions-4.16.0.tar.gz", hash = "sha256:dc983d19a509c94dba722ee6abd33940f7c05a89e243c47e907eb4db6f1a43e5", size = 113555, upload-time = "2026-07-02T08:40:05.92Z" }
wheels = [
    { url = "https://files.pythonhosted.org/packages/49/d3/b8441a820a491ddfc024b0b0cf0393375b75ea13866d9c66727e54c2fc80/typing_extensions-4.16.0-py3-none-any.whl", hash = "sha256:481caa481374e813c1b176ada14e97f1f67a4539ce9cfeb3f350d78d6370c2e8", size = 45571, upload-time = "2026-07-02T08:40:04.659Z" },
]
